PODS:
  - TalkingData (5.0.5):
    - TalkingData/Basic (= 5.0.5)
  - TalkingData/Basic (5.0.5)

DEPENDENCIES:
  - TalkingData (from `.`)

EXTERNAL SOURCES:
  TalkingData:
    :path: "."

SPEC CHECKSUMS:
  TalkingData: aee0d72497b921a9648213d65ba9939a1114d88d

PODFILE CHECKSUM: d7d93ca757577905b4b2442ea55b71e62644a3bb

COCOAPODS: 1.11.3
